// !$*UTF8*$!
{
	archiveVersion = 1;
	classes = {
	};
	objectVersion = 51;
	objects = {

/* Begin PBXBuildFile section */
		D7B386BFAF6BE52CD8AC7B42 /* Pods_todo_app.framework in Frameworks */ = {isa = PBXBuildFile; fileRef = 70DED811EBAA17DDF0E741C6 /* Pods_todo_app.framework */; };
		F0D08BB825CC9AF5003B8938 /* ContentView.swift in Sources */ = {isa = PBXBuildFile; fileRef = F0D08BB725CC9AF5003B8938 /* ContentView.swift */; };
		F0D08BBA25CC9B29003B8938 /* Assets.xcassets in Resources */ = {isa = PBXBuildFile; fileRef = F0D08BB925CC9B29003B8938 /* Assets.xcassets */; };
		F0D08BBD25CC9B29003B8938 /* Preview Assets.xcassets in Resources */ = {isa = PBXBuildFile; fileRef = F0D08BBC25CC9B29003B8938 /* Preview Assets.xcassets */; };
		F0D08BCE25CC9BB6003B8938 /* AppDelegate.swift in Sources */ = {isa = PBXBuildFile; fileRef = F0D08BCD25CC9BB6003B8938 /* AppDelegate.swift */; };
		F0D08BD025CC9BD3003B8938 /* SceneDelegate.swift in Sources */ = {isa = PBXBuildFile; fileRef = F0D08BCF25CC9BD3003B8938 /* SceneDelegate.swift */; };
		F0D08BD225CC9C09003B8938 /* GoogleService-Info.plist in Resources */ = {isa = PBXBuildFile; fileRef = F0D08BD125CC9C09003B8938 /* GoogleService-Info.plist */; };
		F0D08BD625CC9D30003B8938 /* Podfile in Resources */ = {isa = PBXBuildFile; fileRef = F0D08BD525CC9D2F003B8938 /* Podfile */; };
		F0D08BE925CCA029003B8938 /* User.swift in Sources */ = {isa = PBXBuildFile; fileRef = F0D08BE825CCA029003B8938 /* User.swift */; };
		F0D08BEC25CCA089003B8938 /* Todo.swift in Sources */ = {isa = PBXBuildFile; fileRef = F0D08BEB25CCA089003B8938 /* Todo.swift */; };
		F0D08BF225CCA1CF003B8938 /* FirebaseSession.swift in Sources */ = {isa = PBXBuildFile; fileRef = F0D08BF125CCA1CF003B8938 /* FirebaseSession.swift */; };
		F0D08BF625CCA2F4003B8938 /* NewTodoView.swift in Sources */ = {isa = PBXBuildFile; fileRef = F0D08BF525CCA2F4003B8938 /* NewTodoView.swift */; };
		F0D08BF925CCA32A003B8938 /* LoginView.swift in Sources */ = {isa = PBXBuildFile; fileRef = F0D08BF825CCA32A003B8938 /* LoginView.swift */; };
		F0D08BFC25CCA342003B8938 /* SignUp.swift in Sources */ = {isa = PBXBuildFile; fileRef = F0D08BFB25CCA342003B8938 /* SignUp.swift */; };
		F0D08BFF25CCA35F003B8938 /* TodoDetailView.swift in Sources */ = {isa = PBXBuildFile; fileRef = F0D08BFE25CCA35F003B8938 /* TodoDetailView.swift */; };
		F0D08C0225CCA37B003B8938 /* TodoRowView.swift in Sources */ = {isa = PBXBuildFile; fileRef = F0D08C0125CCA37B003B8938 /* TodoRowView.swift */; };
/* End PBXBuildFile section */

/* Begin PBXFileReference section */
		57F1463AB843940ED68AEF70 /* Pods-todo-app.release.xcconfig */ = {isa = PBXFileReference; includeInIndex = 1; lastKnownFileType = text.xcconfig; name = "Pods-todo-app.release.xcconfig"; path = "Target Support Files/Pods-todo-app/Pods-todo-app.release.xcconfig"; sourceTree = "<group>"; };
		70DED811EBAA17DDF0E741C6 /* Pods_todo_app.framework */ = {isa = PBXFileReference; explicitFileType = wrapper.framework; includeInIndex = 0; path = Pods_todo_app.framework; sourceTree = BUILT_PRODUCTS_DIR; };
		971CB7EBDEA986A092657FA7 /* Pods-todo-app.debug.xcconfig */ = {isa = PBXFileReference; includeInIndex = 1; lastKnownFileType = text.xcconfig; name = "Pods-todo-app.debug.xcconfig"; path = "Target Support Files/Pods-todo-app/Pods-todo-app.debug.xcconfig"; sourceTree = "<group>"; };
		F0D08BB225CC9AF5003B8938 /* todo-app.app */ = {isa = PBXFileReference; explicitFileType = wrapper.application; includeInIndex = 0; path = "todo-app.app"; sourceTree = BUILT_PRODUCTS_DIR; };
		F0D08BB725CC9AF5003B8938 /* ContentView.swift */ = {isa = PBXFileReference; lastKnownFileType = sourcecode.swift; path = ContentView.swift; sourceTree = "<group>"; };
		F0D08BB925CC9B29003B8938 /* Assets.xcassets */ = {isa = PBXFileReference; lastKnownFileType = folder.assetcatalog; path = Assets.xcassets; sourceTree = "<group>"; };
		F0D08BBC25CC9B29003B8938 /* Preview Assets.xcassets */ = {isa = PBXFileReference; lastKnownFileType = folder.assetcatalog; path = "Preview Assets.xcassets"; sourceTree = "<group>"; };
		F0D08BBE25CC9B29003B8938 /* Info.plist */ = {isa = PBXFileReference; lastKnownFileType = text.plist.xml; path = Info.plist; sourceTree = "<group>"; };
		F0D08BCD25CC9BB6003B8938 /* AppDelegate.swift */ = {isa = PBXFileReference; fileEncoding = 4; lastKnownFileType = sourcecode.swift; path = AppDelegate.swift; sourceTree = "<group>"; };
		F0D08BCF25CC9BD3003B8938 /* SceneDelegate.swift */ = {isa = PBXFileReference; fileEncoding = 4; lastKnownFileType = sourcecode.swift; path = SceneDelegate.swift; sourceTree = "<group>"; };
		F0D08BD125CC9C09003B8938 /* GoogleService-Info.plist */ = {isa = PBXFileReference; fileEncoding = 4; lastKnownFileType = text.plist.xml; path = "GoogleService-Info.plist"; sourceTree = "<group>"; };
		F0D08BD525CC9D2F003B8938 /* Podfile */ = {isa = PBXFileReference; fileEncoding = 4; lastKnownFileType = text; path = Podfile; sourceTree = SOURCE_ROOT; };
		F0D08BE825CCA029003B8938 /* User.swift */ = {isa = PBXFileReference; lastKnownFileType = sourcecode.swift; path = User.swift; sourceTree = "<group>"; };
		F0D08BEB25CCA089003B8938 /* Todo.swift */ = {isa = PBXFileReference; lastKnownFileType = sourcecode.swift; path = Todo.swift; sourceTree = "<group>"; };
		F0D08BF125CCA1CF003B8938 /* FirebaseSession.swift */ = {isa = PBXFileReference; lastKnownFileType = sourcecode.swift; path = FirebaseSession.swift; sourceTree = "<group>"; };
		F0D08BF525CCA2F4003B8938 /* NewTodoView.swift */ = {isa = PBXFileReference; lastKnownFileType = sourcecode.swift; path = NewTodoView.swift; sourceTree = "<group>"; };
		F0D08BF825CCA32A003B8938 /* LoginView.swift */ = {isa = PBXFileReference; lastKnownFileType = sourcecode.swift; path = LoginView.swift; sourceTree = "<group>"; };
		F0D08BFB25CCA342003B8938 /* SignUp.swift */ = {isa = PBXFileReference; lastKnownFileType = sourcecode.swift; path = SignUp.swift; sourceTree = "<group>"; };
		F0D08BFE25CCA35F003B8938 /* TodoDetailView.swift */ = {isa = PBXFileReference; lastKnownFileType = sourcecode.swift; path = TodoDetailView.swift; sourceTree = "<group>"; };
		F0D08C0125CCA37B003B8938 /* TodoRowView.swift */ = {isa = PBXFileReference; lastKnownFileType = sourcecode.swift; path = TodoRowView.swift; sourceTree = "<group>"; };
/* End PBXFileReference section */

/* Begin PBXFrameworksBuildPhase section */
		F0D08BAF25CC9AF5003B8938 /* Frameworks */ = {
			isa = PBXFrameworksBuildPhase;
			buildActionMask = 2147483647;
			files = (
				D7B386BFAF6BE52CD8AC7B42 /* Pods_todo_app.framework in Frameworks */,
			);
			runOnlyForDeploymentPostprocessing = 0;
		};
/* End PBXFrameworksBuildPhase section */

/* Begin PBXGroup section */
		A82767DF39F623F1B025C3F7 /* Pods */ = {
			isa = PBXGroup;
			children = (
				971CB7EBDEA986A092657FA7 /* Pods-todo-app.debug.xcconfig */,
				57F1463AB843940ED68AEF70 /* Pods-todo-app.release.xcconfig */,
			);
			path = Pods;
			sourceTree = "<group>";
		};
		F0D08BA925CC9AF5003B8938 = {
			isa = PBXGroup;
			children = (
				F0D08BB425CC9AF5003B8938 /* todo-app */,
				F0D08BB325CC9AF5003B8938 /* Products */,
				A82767DF39F623F1B025C3F7 /* Pods */,
				F9D882E52711D82B9F0F35CA /* Frameworks */,
			);
			sourceTree = "<group>";
		};
		F0D08BB325CC9AF5003B8938 /* Products */ = {
			isa = PBXGroup;
			children = (
				F0D08BB225CC9AF5003B8938 /* todo-app.app */,
			);
			name = Products;
			sourceTree = "<group>";
		};
		F0D08BB425CC9AF5003B8938 /* todo-app */ = {
			isa = PBXGroup;
			children = (
				F0D08BCA25CC9B7D003B8938 /* delegate */,
				F0D08BC925CC9B6B003B8938 /* common */,
				F0D08BC725CC9B5D003B8938 /* view */,
				F0D08BC625CC9B54003B8938 /* controller */,
				F0D08BC525CC9B45003B8938 /* model */,
				F0D08BB925CC9B29003B8938 /* Assets.xcassets */,
				F0D08BD125CC9C09003B8938 /* GoogleService-Info.plist */,
				F0D08BBE25CC9B29003B8938 /* Info.plist */,
				F0D08BD525CC9D2F003B8938 /* Podfile */,
				F0D08BBB25CC9B29003B8938 /* Preview Content */,
			);
			path = "todo-app";
			sourceTree = "<group>";
		};
		F0D08BBB25CC9B29003B8938 /* Preview Content */ = {
			isa = PBXGroup;
			children = (
				F0D08BBC25CC9B29003B8938 /* Preview Assets.xcassets */,
			);
			path = "Preview Content";
			sourceTree = "<group>";
		};
		F0D08BC525CC9B45003B8938 /* model */ = {
			isa = PBXGroup;
			children = (
				F0D08BE825CCA029003B8938 /* User.swift */,
				F0D08BEB25CCA089003B8938 /* Todo.swift */,
			);
			path = model;
			sourceTree = "<group>";
		};
		F0D08BC625CC9B54003B8938 /* controller */ = {
			isa = PBXGroup;
			children = (
				F0D08BF125CCA1CF003B8938 /* FirebaseSession.swift */,
			);
			path = controller;
			sourceTree = "<group>";
		};
		F0D08BC725CC9B5D003B8938 /* view */ = {
			isa = PBXGroup;
			children = (
				F0D08BB725CC9AF5003B8938 /* ContentView.swift */,
				F0D08BF525CCA2F4003B8938 /* NewTodoView.swift */,
				F0D08BF825CCA32A003B8938 /* LoginView.swift */,
				F0D08BFB25CCA342003B8938 /* SignUp.swift */,
				F0D08BFE25CCA35F003B8938 /* TodoDetailView.swift */,
				F0D08C0125CCA37B003B8938 /* TodoRowView.swift */,
			);
			path = view;
			sourceTree = "<group>";
		};
		F0D08BC925CC9B6B003B8938 /* common */ = {
			isa = PBXGroup;
			children = (
			);
			path = common;
			sourceTree = "<group>";
		};
		F0D08BCA25CC9B7D003B8938 /* delegate */ = {
			isa = PBXGroup;
			children = (
				F0D08BCD25CC9BB6003B8938 /* AppDelegate.swift */,
				F0D08BCF25CC9BD3003B8938 /* SceneDelegate.swift */,
			);
			path = delegate;
			sourceTree = "<group>";
		};
		F9D882E52711D82B9F0F35CA /* Frameworks */ = {
			isa = PBXGroup;
			children = (
				70DED811EBAA17DDF0E741C6 /* Pods_todo_app.framework */,
			);
			name = Frameworks;
			sourceTree = "<group>";
		};
/* End PBXGroup section */

/* Begin PBXNativeTarget section */
		F0D08BB125CC9AF5003B8938 /* todo-app */ = {
			isa = PBXNativeTarget;
			buildConfigurationList = F0D08BC125CC9B29003B8938 /* Build configuration list for PBXNativeTarget "todo-app" */;
			buildPhases = (
				75D5E9575B7D8C1CEA5B4D4A /* [CP] Check Pods Manifest.lock */,
				F0D08BAE25CC9AF5003B8938 /* Sources */,
				F0D08BAF25CC9AF5003B8938 /* Frameworks */,
				F0D08BB025CC9AF5003B8938 /* Resources */,
				7BE4592A611B4FB5B2ADF93F /* [CP] Embed Pods Frameworks */,
			);
			buildRules = (
			);
			dependencies = (
			);
			name = "todo-app";
			productName = "todo-app";
			productReference = F0D08BB225CC9AF5003B8938 /* todo-app.app */;
			productType = "com.apple.product-type.application";
		};
/* End PBXNativeTarget section */

/* Begin PBXProject section */
		F0D08BAA25CC9AF5003B8938 /* Project object */ = {
			isa = PBXProject;
			attributes = {
				LastSwiftUpdateCheck = 1210;
				LastUpgradeCheck = 1210;
				TargetAttributes = {
					F0D08BB125CC9AF5003B8938 = {
						CreatedOnToolsVersion = 12.1;
					};
				};
			};
			buildConfigurationList = F0D08BAD25CC9AF5003B8938 /* Build configuration list for PBXProject "todo-app" */;
			compatibilityVersion = "Xcode 9.3";
			developmentRegion = en;
			hasScannedForEncodings = 0;
			knownRegions = (
				en,
				Base,
			);
			mainGroup = F0D08BA925CC9AF5003B8938;
			productRefGroup = F0D08BB325CC9AF5003B8938 /* Products */;
			projectDirPath = "";
			projectRoot = "";
			targets = (
				F0D08BB125CC9AF5003B8938 /* todo-app */,
			);
		};
/* End PBXProject section */

/* Begin PBXResourcesBuildPhase section */
		F0D08BB025CC9AF5003B8938 /* Resources */ = {
			isa = PBXResourcesBuildPhase;
			buildActionMask = 2147483647;
			files = (
				F0D08BBD25CC9B29003B8938 /* Preview Assets.xcassets in Resources */,
				F0D08BBA25CC9B29003B8938 /* Assets.xcassets in Resources */,
				F0D08BD625CC9D30003B8938 /* Podfile in Resources */,
				F0D08BD225CC9C09003B8938 /* GoogleService-Info.plist in Resources */,
			);
			runOnlyForDeploymentPostprocessing = 0;
		};
/* End PBXResourcesBuildPhase section */

/* Begin PBXShellScriptBuildPhase section */
		75D5E9575B7D8C1CEA5B4D4A /* [CP] Check Pods Manifest.lock */ = {
			isa = PBXShellScriptBuildPhase;
			buildActionMask = 2147483647;
			files = (
			);
			inputFileListPaths = (
			);
			inputPaths = (
				"${PODS_PODFILE_DIR_PATH}/Podfile.lock",
				"${PODS_ROOT}/Manifest.lock",
			);
			name = "[CP] Check Pods Manifest.lock";
			outputFileListPaths = (
			);
			outputPaths = (
				"$(DERIVED_FILE_DIR)/Pods-todo-app-checkManifestLockResult.txt",
			);
			runOnlyForDeploymentPostprocessing = 0;
			shellPath = /bin/sh;
			shellScript = "diff \"${PODS_PODFILE_DIR_PATH}/Podfile.lock\" \"${PODS_ROOT}/Manifest.lock\" > /dev/null\nif [ $? != 0 ] ; then\n    # print error to STDERR\n    echo \"error: The sandbox is not in sync with the Podfile.lock. Run 'pod install' or update your CocoaPods installation.\" >&2\n    exit 1\nfi\n# This output is used by Xcode 'outputs' to avoid re-running this script phase.\necho \"SUCCESS\" > \"${SCRIPT_OUTPUT_FILE_0}\"\n";
			showEnvVarsInLog = 0;
		};
		7BE4592A611B4FB5B2ADF93F /* [CP] Embed Pods Frameworks */ = {
			isa = PBXShellScriptBuildPhase;
			buildActionMask = 2147483647;
			files = (
			);
			inputFileListPaths = (
				"${PODS_ROOT}/Target Support Files/Pods-todo-app/Pods-todo-app-frameworks-${CONFIGURATION}-input-files.xcfilelist",
			);
			name = "[CP] Embed Pods Frameworks";
			outputFileListPaths = (
				"${PODS_ROOT}/Target Support Files/Pods-todo-app/Pods-todo-app-frameworks-${CONFIGURATION}-output-files.xcfilelist",
			);
			runOnlyForDeploymentPostprocessing = 0;
			shellPath = /bin/sh;
			shellScript = "\"${PODS_ROOT}/Target Support Files/Pods-todo-app/Pods-todo-app-frameworks.sh\"\n";
			showEnvVarsInLog = 0;
		};
/* End PBXShellScriptBuildPhase section */

/* Begin PBXSourcesBuildPhase section */
		F0D08BAE25CC9AF5003B8938 /* Sources */ = {
			isa = PBXSourcesBuildPhase;
			buildActionMask = 2147483647;
			files = (
				F0D08BF625CCA2F4003B8938 /* NewTodoView.swift in Sources */,
				F0D08BE925CCA029003B8938 /* User.swift in Sources */,
				F0D08BCE25CC9BB6003B8938 /* AppDelegate.swift in Sources */,
				F0D08C0225CCA37B003B8938 /* TodoRowView.swift in Sources */,
				F0D08BB825CC9AF5003B8938 /* ContentView.swift in Sources */,
				F0D08BF225CCA1CF003B8938 /* FirebaseSession.swift in Sources */,
				F0D08BFF25CCA35F003B8938 /* TodoDetailView.swift in Sources */,
				F0D08BD025CC9BD3003B8938 /* SceneDelegate.swift in Sources */,
				F0D08BF925CCA32A003B8938 /* LoginView.swift in Sources */,
				F0D08BFC25CCA342003B8938 /* SignUp.swift in Sources */,
				F0D08BEC25CCA089003B8938 /* Todo.swift in Sources */,
			);
			runOnlyForDeploymentPostprocessing = 0;
		};
/* End PBXSourcesBuildPhase section */

/* Begin XCBuildConfiguration section */
		F0D08BBF25CC9B29003B8938 /* Debug */ = {
			isa = XCBuildConfiguration;
			buildSettings = {
				ALWAYS_SEARCH_USER_PATHS = NO;
				CLANG_ANALYZER_NONNULL = YES;
				CLANG_ANALYZER_NUMBER_OBJECT_CONVERSION = YES_AGGRESSIVE;
				CLANG_CXX_LANGUAGE_STANDARD = "gnu++14";
				CLANG_CXX_LIBRARY = "libc++";
				CLANG_ENABLE_MODULES = YES;
				CLANG_ENABLE_OBJC_ARC = YES;
				CLANG_ENABLE_OBJC_WEAK = YES;
				CLANG_WARN_BLOCK_CAPTURE_AUTORELEASING = YES;
				CLANG_WARN_BOOL_CONVERSION = YES;
				CLANG_WARN_COMMA = YES;
				CLANG_WARN_CONSTANT_CONVERSION = YES;
				CLANG_WARN_DEPRECATED_OBJC_IMPLEMENTATIONS = YES;
				CLANG_WARN_DIRECT_OBJC_ISA_USAGE = YES_ERROR;
				CLANG_WARN_DOCUMENTATION_COMMENTS = YES;
				CLANG_WARN_EMPTY_BODY = YES;
				CLANG_WARN_ENUM_CONVERSION = YES;
				CLANG_WARN_INFINITE_RECURSION = YES;
				CLANG_WARN_INT_CONVERSION = YES;
				CLANG_WARN_NON_LITERAL_NULL_CONVERSION = YES;
				CLANG_WARN_OBJC_IMPLICIT_RETAIN_SELF = YES;
				CLANG_WARN_OBJC_LITERAL_CONVERSION = YES;
				CLANG_WARN_OBJC_ROOT_CLASS = YES_ERROR;
				CLANG_WARN_QUOTED_INCLUDE_IN_FRAMEWORK_HEADER = YES;
				CLANG_WARN_RANGE_LOOP_ANALYSIS = YES;
				CLANG_WARN_STRICT_PROTOTYPES = YES;
				CLANG_WARN_SUSPICIOUS_MOVE = YES;
				CLANG_WARN_UNGUARDED_AVAILABILITY = YES_AGGRESSIVE;
				CLANG_WARN_UNREACHABLE_CODE = YES;
				CLANG_WARN__DUPLICATE_METHOD_MATCH = YES;
				COPY_PHASE_STRIP = NO;
				DEBUG_INFORMATION_FORMAT = dwarf;
				ENABLE_STRICT_OBJC_MSGSEND = YES;
				ENABLE_TESTABILITY = YES;
				GCC_C_LANGUAGE_STANDARD = gnu11;
				GCC_DYNAMIC_NO_PIC = NO;
				GCC_NO_COMMON_BLOCKS = YES;
				GCC_OPTIMIZATION_LEVEL = 0;
				GCC_PREPROCESSOR_DEFINITIONS = (
					"DEBUG=1",
					"$(inherited)",
				);
				GCC_WARN_64_TO_32_BIT_CONVERSION = YES;
				GCC_WARN_ABOUT_RETURN_TYPE = YES_ERROR;
				GCC_WARN_UNDECLARED_SELECTOR = YES;
				GCC_WARN_UNINITIALIZED_AUTOS = YES_AGGRESSIVE;
				GCC_WARN_UNUSED_FUNCTION = YES;
				GCC_WARN_UNUSED_VARIABLE = YES;
				IPHONEOS_DEPLOYMENT_TARGET = 14.1;
				MTL_ENABLE_DEBUG_INFO = INCLUDE_SOURCE;
				MTL_FAST_MATH = YES;
				ONLY_ACTIVE_ARCH = YES;
				SDKROOT = iphoneos;
				SWIFT_ACTIVE_COMPILATION_CONDITIONS = DEBUG;
				SWIFT_OPTIMIZATION_LEVEL = "-Onone";
			};
			name = Debug;
		};
		F0D08BC025CC9B29003B8938 /* Release */ = {
			isa = XCBuildConfiguration;
			buildSettings = {
				ALWAYS_SEARCH_USER_PATHS = NO;
				CLANG_ANALYZER_NONNULL = YES;
				CLANG_ANALYZER_NUMBER_OBJECT_CONVERSION = YES_AGGRESSIVE;
				CLANG_CXX_LANGUAGE_STANDARD = "gnu++14";
				CLANG_CXX_LIBRARY = "libc++";
				CLANG_ENABLE_MODULES = YES;
				CLANG_ENABLE_OBJC_ARC = YES;
				CLANG_ENABLE_OBJC_WEAK = YES;
				CLANG_WARN_BLOCK_CAPTURE_AUTORELEASING = YES;
				CLANG_WARN_BOOL_CONVERSION = YES;
				CLANG_WARN_COMMA = YES;
				CLANG_WARN_CONSTANT_CONVERSION = YES;
				CLANG_WARN_DEPRECATED_OBJC_IMPLEMENTATIONS = YES;
				CLANG_WARN_DIRECT_OBJC_ISA_USAGE = YES_ERROR;
				CLANG_WARN_DOCUMENTATION_COMMENTS = YES;
				CLANG_WARN_EMPTY_BODY = YES;
				CLANG_WARN_ENUM_CONVERSION = YES;
				CLANG_WARN_INFINITE_RECURSION = YES;
				CLANG_WARN_INT_CONVERSION = YES;
				CLANG_WARN_NON_LITERAL_NULL_CONVERSION = YES;
				CLANG_WARN_OBJC_IMPLICIT_RETAIN_SELF = YES;
				CLANG_WARN_OBJC_LITERAL_CONVERSION = YES;
				CLANG_WARN_OBJC_ROOT_CLASS = YES_ERROR;
				CLANG_WARN_QUOTED_INCLUDE_IN_FRAMEWORK_HEADER = YES;
				CLANG_WARN_RANGE_LOOP_ANALYSIS = YES;
				CLANG_WARN_STRICT_PROTOTYPES = YES;
				CLANG_WARN_SUSPICIOUS_MOVE = YES;
				CLANG_WARN_UNGUARDED_AVAILABILITY = YES_AGGRESSIVE;
				CLANG_WARN_UNREACHABLE_CODE = YES;
				CLANG_WARN__DUPLICATE_METHOD_MATCH = YES;
				COPY_PHASE_STRIP = NO;
				DEBUG_INFORMATION_FORMAT = "dwarf-with-dsym";
				ENABLE_NS_ASSERTIONS = NO;
				ENABLE_STRICT_OBJC_MSGSEND = YES;
				GCC_C_LANGUAGE_STANDARD = gnu11;
				GCC_NO_COMMON_BLOCKS = YES;
				GCC_WARN_64_TO_32_BIT_CONVERSION = YES;
				GCC_WARN_ABOUT_RETURN_TYPE = YES_ERROR;
				GCC_WARN_UNDECLARED_SELECTOR = YES;
				GCC_WARN_UNINITIALIZED_AUTOS = YES_AGGRESSIVE;
				GCC_WARN_UNUSED_FUNCTION = YES;
				GCC_WARN_UNUSED_VARIABLE = YES;
				IPHONEOS_DEPLOYMENT_TARGET = 14.1;
				MTL_ENABLE_DEBUG_INFO = NO;
				MTL_FAST_MATH = YES;
				SDKROOT = iphoneos;
				SWIFT_COMPILATION_MODE = wholemodule;
				SWIFT_OPTIMIZATION_LEVEL = "-O";
				VALIDATE_PRODUCT = YES;
			};
			name = Release;
		};
		F0D08BC225CC9B29003B8938 /* Debug */ = {
			isa = XCBuildConfiguration;
			baseConfigurationReference = 971CB7EBDEA986A092657FA7 /* Pods-todo-app.debug.xcconfig */;
			buildSettings = {
				ASSETCATALOG_COMPILER_APPICON_NAME = AppIcon;
				ASSETCATALOG_COMPILER_GLOBAL_ACCENT_COLOR_NAME = AccentColor;
				CODE_SIGN_STYLE = Automatic;
				DEVELOPMENT_ASSET_PATHS = "\"todo-app/Preview Content\"";
				DEVELOPMENT_TEAM = K9NX8LXSHV;
				ENABLE_PREVIEWS = YES;
				INFOPLIST_FILE = "todo-app/Info.plist";
				IPHONEOS_DEPLOYMENT_TARGET = 14.0;
				LD_RUNPATH_SEARCH_PATHS = (
					"$(inherited)",
					"@executable_path/Frameworks",
				);
				PRODUCT_BUNDLE_IDENTIFIER = "br.com.acarolsf.todo-app";
				PRODUCT_NAME = "$(TARGET_NAME)";
				SWIFT_VERSION = 5.0;
				TARGETED_DEVICE_FAMILY = "1,2";
			};
			name = Debug;
		};
		F0D08BC325CC9B29003B8938 /* Release */ = {
			isa = XCBuildConfiguration;
			baseConfigurationReference = 57F1463AB843940ED68AEF70 /* Pods-todo-app.release.xcconfig */;
			buildSettings = {
				ASSETCATALOG_COMPILER_APPICON_NAME = AppIcon;
				ASSETCATALOG_COMPILER_GLOBAL_ACCENT_COLOR_NAME = AccentColor;
				CODE_SIGN_STYLE = Automatic;
				DEVELOPMENT_ASSET_PATHS = "\"todo-app/Preview Content\"";
				DEVELOPMENT_TEAM = K9NX8LXSHV;
				ENABLE_PREVIEWS = YES;
				INFOPLIST_FILE = "todo-app/Info.plist";
				IPHONEOS_DEPLOYMENT_TARGET = 14.0;
				LD_RUNPATH_SEARCH_PATHS = (
					"$(inherited)",
					"@executable_path/Frameworks",
				);
				PRODUCT_BUNDLE_IDENTIFIER = "br.com.acarolsf.todo-app";
				PRODUCT_NAME = "$(TARGET_NAME)";
				SWIFT_VERSION = 5.0;
				TARGETED_DEVICE_FAMILY = "1,2";
			};
			name = Release;
		};
/* End XCBuildConfiguration section */

/* Begin XCConfigurationList section */
		F0D08BAD25CC9AF5003B8938 /* Build configuration list for PBXProject "todo-app" */ = {
			isa = XCConfigurationList;
			buildConfigurations = (
				F0D08BBF25CC9B29003B8938 /* Debug */,
				F0D08BC025CC9B29003B8938 /* Release */,
			);
			defaultConfigurationIsVisible = 0;
			defaultConfigurationName = Release;
		};
		F0D08BC125CC9B29003B8938 /* Build configuration list for PBXNativeTarget "todo-app" */ = {
			isa = XCConfigurationList;
			buildConfigurations = (
				F0D08BC225CC9B29003B8938 /* Debug */,
				F0D08BC325CC9B29003B8938 /* Release */,
			);
			defaultConfigurationIsVisible = 0;
			defaultConfigurationName = Release;
		};
/* End XCConfigurationList section */
	};
	rootObject = F0D08BAA25CC9AF5003B8938 /* Project object */;
}
